
Microsoft Visual Studio Solution File, Format Version 12.00
# Visual Studio Version 17
VisualStudioVersion = 17.2.32210.308
MinimumVisualStudioVersion = 10.0.40219.1
Project("{9A19103F-16F7-4668-BE54-9A1E7A4F7556}") = "HSC.Api", "HSC.Api\HSC.Api.csproj", "{9F1470D4-8CC3-40F6-BDB7-E8C29F790F14}"
	ProjectSection(ProjectDependencies) = postProject
		{E60D3E6E-3572-43F1-B835-16FA5ED92E9E} = {E60D3E6E-3572-43F1-B835-16FA5ED92E9E}
		{B0DE6EB2-7A25-4294-A077-AAC6AD837958} = {B0DE6EB2-7A25-4294-A077-AAC6AD837958}
		{84F081BD-4253-424E-832F-3C2E480FDCF0} = {84F081BD-4253-424E-832F-3C2E480FDCF0}
		{6F587DE3-566F-4A7D-BC9F-C1A4BF8D2252} = {6F587DE3-566F-4A7D-BC9F-C1A4BF8D2252}
	EndProjectSection
EndProject
Project("{9A19103F-16F7-4668-BE54-9A1E7A4F7556}") = "HSC.Bll", "HSC.Bll\HSC.Bll.csproj", "{6F587DE3-566F-4A7D-BC9F-C1A4BF8D2252}"
EndProject
Project("{9A19103F-16F7-4668-BE54-9A1E7A4F7556}") = "HSC.Common", "HSC.Common\HSC.Common.csproj", "{E60D3E6E-3572-43F1-B835-16FA5ED92E9E}"
EndProject
Project("{9A19103F-16F7-4668-BE54-9A1E7A4F7556}") = "HSC.Dal", "HSC.Dal\HSC.Dal.csproj", "{84F081BD-4253-424E-832F-3C2E480FDCF0}"
EndProject
Project("{9A19103F-16F7-4668-BE54-9A1E7A4F7556}") = "HSC.Mobile", "HSC.Mobile\HSC.Mobile.csproj", "{D63B975F-B7DC-44BA-AE1D-0A315389E404}"
EndProject
Project("{9A19103F-16F7-4668-BE54-9A1E7A4F7556}") = "HSC.Transfer", "HSC.Transfer\HSC.Transfer.csproj", "{B0DE6EB2-7A25-4294-A077-AAC6AD837958}"
EndProject
Global
	GlobalSection(SolutionConfigurationPlatforms) = preSolution
		Debug|Any CPU = Debug|Any CPU
		Release|Any CPU = Release|Any CPU
	EndGlobalSection
	GlobalSection(ProjectConfigurationPlatforms) = postSolution
		{9F1470D4-8CC3-40F6-BDB7-E8C29F790F14}.Debug|Any CPU.ActiveCfg = Debug|Any CPU
		{9F1470D4-8CC3-40F6-BDB7-E8C29F790F14}.Debug|Any CPU.Build.0 = Debug|Any CPU
		{9F1470D4-8CC3-40F6-BDB7-E8C29F790F14}.Release|Any CPU.ActiveCfg = Release|Any CPU
		{9F1470D4-8CC3-40F6-BDB7-E8C29F790F14}.Release|Any CPU.Build.0 = Release|Any CPU
		{6F587DE3-566F-4A7D-BC9F-C1A4BF8D2252}.Debug|Any CPU.ActiveCfg = Debug|Any CPU
		{6F587DE3-566F-4A7D-BC9F-C1A4BF8D2252}.Debug|Any CPU.Build.0 = Debug|Any CPU
		{6F587DE3-566F-4A7D-BC9F-C1A4BF8D2252}.Release|Any CPU.ActiveCfg = Release|Any CPU
		{6F587DE3-566F-4A7D-BC9F-C1A4BF8D2252}.Release|Any CPU.Build.0 = Release|Any CPU
		{E60D3E6E-3572-43F1-B835-16FA5ED92E9E}.Debug|Any CPU.ActiveCfg = Debug|Any CPU
		{E60D3E6E-3572-43F1-B835-16FA5ED92E9E}.Debug|Any CPU.Build.0 = Debug|Any CPU
		{E60D3E6E-3572-43F1-B835-16FA5ED92E9E}.Release|Any CPU.ActiveCfg = Release|Any CPU
		{E60D3E6E-3572-43F1-B835-16FA5ED92E9E}.Release|Any CPU.Build.0 = Release|Any CPU
		{84F081BD-4253-424E-832F-3C2E480FDCF0}.Debug|Any CPU.ActiveCfg = Debug|Any CPU
		{84F081BD-4253-424E-832F-3C2E480FDCF0}.Debug|Any CPU.Build.0 = Debug|Any CPU
		{84F081BD-4253-424E-832F-3C2E480FDCF0}.Release|Any CPU.ActiveCfg = Release|Any CPU
		{84F081BD-4253-424E-832F-3C2E480FDCF0}.Release|Any CPU.Build.0 = Release|Any CPU
		{D63B975F-B7DC-44BA-AE1D-0A315389E404}.Debug|Any CPU.ActiveCfg = Debug|Any CPU
		{D63B975F-B7DC-44BA-AE1D-0A315389E404}.Debug|Any CPU.Build.0 = Debug|Any CPU
		{D63B975F-B7DC-44BA-AE1D-0A315389E404}.Debug|Any CPU.Deploy.0 = Debug|Any CPU
		{D63B975F-B7DC-44BA-AE1D-0A315389E404}.Release|Any CPU.ActiveCfg = Release|Any CPU
		{D63B975F-B7DC-44BA-AE1D-0A315389E404}.Release|Any CPU.Build.0 = Release|Any CPU
		{D63B975F-B7DC-44BA-AE1D-0A315389E404}.Release|Any CPU.Deploy.0 = Release|Any CPU
		{B0DE6EB2-7A25-4294-A077-AAC6AD837958}.Debug|Any CPU.ActiveCfg = Debug|Any CPU
		{B0DE6EB2-7A25-4294-A077-AAC6AD837958}.Debug|Any CPU.Build.0 = Debug|Any CPU
		{B0DE6EB2-7A25-4294-A077-AAC6AD837958}.Release|Any CPU.ActiveCfg = Release|Any CPU
		{B0DE6EB2-7A25-4294-A077-AAC6AD837958}.Release|Any CPU.Build.0 = Release|Any CPU
	EndGlobalSection
	GlobalSection(SolutionProperties) = preSolution
		HideSolutionNode = FALSE
	EndGlobalSection
	GlobalSection(ExtensibilityGlobals) = postSolution
		SolutionGuid = {8933E7BF-A047-44DF-9776-61B82DB1400E}
	EndGlobalSection
EndGlobal
